
Microsoft Visual Studio Solution File, Format Version 12.00
# Visual Studio Version 17
VisualStudioVersion = 17.8.34330.188
MinimumVisualStudioVersion = 10.0.40219.1
Project("{FAE04EC0-301F-11D3-BF4B-00C04F79EFBC}") = "ConsumeSampleAPI", "ConsumeSampleAPI\ConsumeSampleAPI.csproj", "{A95A7D22-3F80-4734-BE6E-4A3C09FACB39}"
EndProject
Global
	GlobalSection(SolutionConfigurationPlatforms) = preSolution
		Debug|Any CPU = Debug|Any CPU
		Release|Any CPU = Release|Any CPU
	EndGlobalSection
	GlobalSection(ProjectConfigurationPlatforms) = postSolution
		{A95A7D22-3F80-4734-BE6E-4A3C09FACB39}.Debug|Any CPU.ActiveCfg = Debug|Any CPU
		{A95A7D22-3F80-4734-BE6E-4A3C09FACB39}.Debug|Any CPU.Build.0 = Debug|Any CPU
		{A95A7D22-3F80-4734-BE6E-4A3C09FACB39}.Release|Any CPU.ActiveCfg = Release|Any CPU
		{A95A7D22-3F80-4734-BE6E-4A3C09FACB39}.Release|Any CPU.Build.0 = Release|Any CPU
	EndGlobalSection
	GlobalSection(SolutionProperties) = preSolution
		HideSolutionNode = FALSE
	EndGlobalSection
	GlobalSection(ExtensibilityGlobals) = postSolution
		SolutionGuid = {AA9112DE-5A4F-4B87-931C-112733E5EFD7}
	EndGlobalSection
EndGlobal
